{
  "name": "@nlpjs/builtin-microsoft",
  "version": "4.26.1",
  "lockfileVersion": 2,
  "requires": true,
  "packages": {
    "": {
      "name": "@nlpjs/builtin-microsoft",
      "version": "4.26.1",
      "license": "MIT",
      "dependencies": {
        "@nlpjs/core": "^4.26.1"
      }
    },
    "node_modules/@nlpjs/core": {
      "version": "4.26.1",
      "resolved": "https://registry.npmjs.org/@nlpjs/core/-/core-4.26.1.tgz",
      "integrity": "sha512-M/PeFddsi3y7Z1piFJxsLGm5/xdMhcrpOsml7s6CTEgYo8iduaT30HDd61tZxDyvvJseU6uFqlXSn7XKkAcC1g=="
    }
  },
  "dependencies": {
    "@nlpjs/core": {
      "version": "4.26.1",
      "resolved": "https://registry.npmjs.org/@nlpjs/core/-/core-4.26.1.tgz",
      "integrity": "sha512-M/PeFddsi3y7Z1piFJxsLGm5/xdMhcrpOsml7s6CTEgYo8iduaT30HDd61tZxDyvvJseU6uFqlXSn7XKkAcC1g=="
    }
  }
}
